version = 1
revision = 3
requires-python = "==3.8.20"

[[package]]
name = "api-documentation"
version = "0.1.0"
source = { virtual = "." }
dependencies = [
    { name = "tree-sitter" },
]

[package.metadata]
requires-dist = [{ name = "tree-sitter", specifier = "==0.21" }]

[[package]]
name = "tree-sitter"
version = "0.21.0"
source = { registry = "https://pypi.org/simple" }
sdist = { url = "https://files.pythonhosted.org/packages/6b/46/c28e3280b4219cb662dd826377c511a4ef9267da471a7859c911e596e785/tree-sitter-0.21.0.tar.gz", hash = "sha256:c74ec9eff30e0c5b9f00ee578cca64df322b9885c8a15364a2c537f485abcc77", size = 155436, upload-time = "2024-03-10T20:24:02.898Z" }
wheels = [
    { url = "https://files.pythonhosted.org/packages/4a/a1/b96e8148f41b599a4346a73449574a0ec8342a975a48d849f3c096cf4c07/tree_sitter-0.21.0-cp38-cp38-macosx_10_9_x86_64.whl", hash = "sha256:ab516edce67cd201312ecd55b65b195ce118ab900cc649fc868a1185e462a9bc", size = 133541, upload-time = "2024-03-10T20:23:48.687Z" },
    { url = "https://files.pythonhosted.org/packages/79/49/01dee0977f314ab4d378e6e95cfce4d1eec51619947ec5c790ca9f5b5d35/tree_sitter-0.21.0-cp38-cp38-macosx_11_0_arm64.whl", hash = "sha256:ef283479cb0d5c37f4c8e6cefa6e28d4de9a1eb858b43e964c4e822282394300", size = 126150, upload-time = "2024-03-10T20:23:50.472Z" },
    { url = "https://files.pythonhosted.org/packages/6f/17/9eff79901be490ede241412d5d5eee26017d93ab75566297aa2e47e8dc70/tree_sitter-0.21.0-cp38-cp38-manylinux_2_17_x86_64.manylinux2014_x86_64.whl", hash = "sha256:3310284a92d326d050cef385b4f6611a2166fbf04b2789fd87f279bfe939d6cb", size = 503759, upload-time = "2024-03-10T20:23:51.567Z" },
    { url = "https://files.pythonhosted.org/packages/3c/a9/f23188339c7c3fe21b61c132b972d5b356566778f72e81ab5d06cc14dd17/tree_sitter-0.21.0-cp38-cp38-musllinux_1_1_x86_64.whl", hash = "sha256:46539b86c01463d4d5ac7b4834300504218f79e359fb496e0c4da40c24ddb167", size = 499108, upload-time = "2024-03-10T20:23:53.429Z" },
    { url = "https://files.pythonhosted.org/packages/ab/74/1b2281e3d3f2779cd8db8b49db14c87051e228d706785a6aada2ec160d51/tree_sitter-0.21.0-cp38-cp38-win_amd64.whl", hash = "sha256:eb89b951958c26f902ea3ae32f5d899ca9231d1aea64823d634f71e77af41b11", size = 109911, upload-time = "2024-03-10T20:23:54.618Z" },
]
